// !$*UTF8*$!
{
	archiveVersion = 1;
	classes = {
	};
	objectVersion = 46;
	objects = {

/* Begin PBXBuildFile section */
		AC0C93321D1876D000AE59FD /* AppDelegate.swift in Sources */ = {isa = PBXBuildFile; fileRef = AC0C93311D1876D000AE59FD /* AppDelegate.swift */; };
		AC0C93341D1876D000AE59FD /* ViewController.swift in Sources */ = {isa = PBXBuildFile; fileRef = AC0C93331D1876D000AE59FD /* ViewController.swift */; };
		AC0C93371D1876D000AE59FD /* Main.storyboard in Resources */ = {isa = PBXBuildFile; fileRef = AC0C93351D1876D000AE59FD /* Main.storyboard */; };
		AC0C93391D1876D000AE59FD /* Assets.xcassets in Resources */ = {isa = PBXBuildFile; fileRef = AC0C93381D1876D000AE59FD /* Assets.xcassets */; };
		AC0C93471D1876D000AE59FD /* Assignment1_NamfonMaewThasanonTests.swift in Sources */ = {isa = PBXBuildFile; fileRef = AC0C93461D1876D000AE59FD /* Assignment1_NamfonMaewThasanonTests.swift */; };
		AC0C93521D1876D000AE59FD /* Assignment1_NamfonMaewThasanonUITests.swift in Sources */ = {isa = PBXBuildFile; fileRef = AC0C93511D1876D000AE59FD /* Assignment1_NamfonMaewThasanonUITests.swift */; };
/* End PBXBuildFile section */

/* Begin PBXContainerItemProxy section */
		AC0C93431D1876D000AE59FD /* PBXContainerItemProxy */ = {
			isa = PBXContainerItemProxy;
			containerPortal = AC0C93261D1876D000AE59FD /* Project object */;
			proxyType = 1;
			remoteGlobalIDString = AC0C932D1D1876D000AE59FD;
			remoteInfo = Assignment1_NamfonMaewThasanon;
		};
		AC0C934E1D1876D000AE59FD /* PBXContainerItemProxy */ = {
			isa = PBXContainerItemProxy;
			containerPortal = AC0C93261D1876D000AE59FD /* Project object */;
			proxyType = 1;
			remoteGlobalIDString = AC0C932D1D1876D000AE59FD;
			remoteInfo = Assignment1_NamfonMaewThasanon;
		};
/* End PBXContainerItemProxy section */

/* Begin PBXFileReference section */
		AC0C932E1D1876D000AE59FD /* Assignment1_NamfonMaewThasanon.app */ = {isa = PBXFileReference; explicitFileType = wrapper.application; includeInIndex = 0; path = Assignment1_NamfonMaewThasanon.app; sourceTree = BUILT_PRODUCTS_DIR; };
		AC0C93311D1876D000AE59FD /* AppDelegate.swift */ = {isa = PBXFileReference; lastKnownFileType = sourcecode.swift; path = AppDelegate.swift; sourceTree = "<group>"; };
		AC0C93331D1876D000AE59FD /* ViewController.swift */ = {isa = PBXFileReference; lastKnownFileType = sourcecode.swift; path = ViewController.swift; sourceTree = "<group>"; };
		AC0C93361D1876D000AE59FD /* Base */ = {isa = PBXFileReference; lastKnownFileType = file.storyboard; name = Base; path = Base.lproj/Main.storyboard; sourceTree = "<group>"; };
		AC0C93381D1876D000AE59FD /* Assets.xcassets */ = {isa = PBXFileReference; lastKnownFileType = folder.assetcatalog; path = Assets.xcassets; sourceTree = "<group>"; };
		AC0C933D1D1876D000AE59FD /* Info.plist */ = {isa = PBXFileReference; lastKnownFileType = text.plist.xml; path = Info.plist; sourceTree = "<group>"; };
		AC0C93421D1876D000AE59FD /* Assignment1_NamfonMaewThasanonTests.xctest */ = {isa = PBXFileReference; explicitFileType = wrapper.cfbundle; includeInIndex = 0; path = Assignment1_NamfonMaewThasanonTests.xctest; sourceTree = BUILT_PRODUCTS_DIR; };
		AC0C93461D1876D000AE59FD /* Assignment1_NamfonMaewThasanonTests.swift */ = {isa = PBXFileReference; lastKnownFileType = sourcecode.swift; path = Assignment1_NamfonMaewThasanonTests.swift; sourceTree = "<group>"; };
		AC0C93481D1876D000AE59FD /* Info.plist */ = {isa = PBXFileReference; lastKnownFileType = text.plist.xml; path = Info.plist; sourceTree = "<group>"; };
		AC0C934D1D1876D000AE59FD /* Assignment1_NamfonMaewThasanonUITests.xctest */ = {isa = PBXFileReference; explicitFileType = wrapper.cfbundle; includeInIndex = 0; path = Assignment1_NamfonMaewThasanonUITests.xctest; sourceTree = BUILT_PRODUCTS_DIR; };
		AC0C93511D1876D000AE59FD /* Assignment1_NamfonMaewThasanonUITests.swift */ = {isa = PBXFileReference; lastKnownFileType = sourcecode.swift; path = Assignment1_NamfonMaewThasanonUITests.swift; sourceTree = "<group>"; };
		AC0C93531D1876D000AE59FD /* Info.plist */ = {isa = PBXFileReference; lastKnownFileType = text.plist.xml; path = Info.plist; sourceTree = "<group>"; };
/* End PBXFileReference section */

/* Begin PBXFrameworksBuildPhase section */
		AC0C932B1D1876D000AE59FD /* Frameworks */ = {
			isa = PBXFrameworksBuildPhase;
			buildActionMask = 2147483647;
			files = (
			);
			runOnlyForDeploymentPostprocessing = 0;
		};
		AC0C933F1D1876D000AE59FD /* Frameworks */ = {
			isa = PBXFrameworksBuildPhase;
			buildActionMask = 2147483647;
			files = (
			);
			runOnlyForDeploymentPostprocessing = 0;
		};
		AC0C934A1D1876D000AE59FD /* Frameworks */ = {
			isa = PBXFrameworksBuildPhase;
			buildActionMask = 2147483647;
			files = (
			);
			runOnlyForDeploymentPostprocessing = 0;
		};
/* End PBXFrameworksBuildPhase section */

/* Begin PBXGroup section */
		AC0C93251D1876D000AE59FD = {
			isa = PBXGroup;
			children = (
				AC0C93301D1876D000AE59FD /* Assignment1_NamfonMaewThasanon */,
				AC0C93451D1876D000AE59FD /* Assignment1_NamfonMaewThasanonTests */,
				AC0C93501D1876D000AE59FD /* Assignment1_NamfonMaewThasanonUITests */,
				AC0C932F1D1876D000AE59FD /* Products */,
			);
			sourceTree = "<group>";
		};
		AC0C932F1D1876D000AE59FD /* Products */ = {
			isa = PBXGroup;
			children = (
				AC0C932E1D1876D000AE59FD /* Assignment1_NamfonMaewThasanon.app */,
				AC0C93421D1876D000AE59FD /* Assignment1_NamfonMaewThasanonTests.xctest */,
				AC0C934D1D1876D000AE59FD /* Assignment1_NamfonMaewThasanonUITests.xctest */,
			);
			name = Products;
			sourceTree = "<group>";
		};
		AC0C93301D1876D000AE59FD /* Assignment1_NamfonMaewThasanon */ = {
			isa = PBXGroup;
			children = (
				AC0C93311D1876D000AE59FD /* AppDelegate.swift */,
				AC0C93331D1876D000AE59FD /* ViewController.swift */,
				AC0C93351D1876D000AE59FD /* Main.storyboard */,
				AC0C93381D1876D000AE59FD /* Assets.xcassets */,
				AC0C933D1D1876D000AE59FD /* Info.plist */,
			);
			path = Assignment1_NamfonMaewThasanon;
			sourceTree = "<group>";
		};
		AC0C93451D1876D000AE59FD /* Assignment1_NamfonMaewThasanonTests */ = {
			isa = PBXGroup;
			children = (
				AC0C93461D1876D000AE59FD /* Assignment1_NamfonMaewThasanonTests.swift */,
				AC0C93481D1876D000AE59FD /* Info.plist */,
			);
			path = Assignment1_NamfonMaewThasanonTests;
			sourceTree = "<group>";
		};
		AC0C93501D1876D000AE59FD /* Assignment1_NamfonMaewThasanonUITests */ = {
			isa = PBXGroup;
			children = (
				AC0C93511D1876D000AE59FD /* Assignment1_NamfonMaewThasanonUITests.swift */,
				AC0C93531D1876D000AE59FD /* Info.plist */,
			);
			path = Assignment1_NamfonMaewThasanonUITests;
			sourceTree = "<group>";
		};
/* End PBXGroup section */

/* Begin PBXNativeTarget section */
		AC0C932D1D1876D000AE59FD /* Assignment1_NamfonMaewThasanon */ = {
			isa = PBXNativeTarget;
			buildConfigurationList = AC0C93561D1876D000AE59FD /* Build configuration list for PBXNativeTarget "Assignment1_NamfonMaewThasanon" */;
			buildPhases = (
				AC0C932A1D1876D000AE59FD /* Sources */,
				AC0C932B1D1876D000AE59FD /* Frameworks */,
				AC0C932C1D1876D000AE59FD /* Resources */,
			);
			buildRules = (
			);
			dependencies = (
			);
			name = Assignment1_NamfonMaewThasanon;
			productName = Assignment1_NamfonMaewThasanon;
			productReference = AC0C932E1D1876D000AE59FD /* Assignment1_NamfonMaewThasanon.app */;
			productType = "com.apple.product-type.application";
		};
		AC0C93411D1876D000AE59FD /* Assignment1_NamfonMaewThasanonTests */ = {
			isa = PBXNativeTarget;
			buildConfigurationList = AC0C93591D1876D000AE59FD /* Build configuration list for PBXNativeTarget "Assignment1_NamfonMaewThasanonTests" */;
			buildPhases = (
				AC0C933E1D1876D000AE59FD /* Sources */,
				AC0C933F1D1876D000AE59FD /* Frameworks */,
				AC0C93401D1876D000AE59FD /* Resources */,
			);
			buildRules = (
			);
			dependencies = (
				AC0C93441D1876D000AE59FD /* PBXTargetDependency */,
			);
			name = Assignment1_NamfonMaewThasanonTests;
			productName = Assignment1_NamfonMaewThasanonTests;
			productReference = AC0C93421D1876D000AE59FD /* Assignment1_NamfonMaewThasanonTests.xctest */;
			productType = "com.apple.product-type.bundle.unit-test";
		};
		AC0C934C1D1876D000AE59FD /* Assignment1_NamfonMaewThasanonUITests */ = {
			isa = PBXNativeTarget;
			buildConfigurationList = AC0C935C1D1876D000AE59FD /* Build configuration list for PBXNativeTarget "Assignment1_NamfonMaewThasanonUITests" */;
			buildPhases = (
				AC0C93491D1876D000AE59FD /* Sources */,
				AC0C934A1D1876D000AE59FD /* Frameworks */,
				AC0C934B1D1876D000AE59FD /* Resources */,
			);
			buildRules = (
			);
			dependencies = (
				AC0C934F1D1876D000AE59FD /* PBXTargetDependency */,
			);
			name = Assignment1_NamfonMaewThasanonUITests;
			productName = Assignment1_NamfonMaewThasanonUITests;
			productReference = AC0C934D1D1876D000AE59FD /* Assignment1_NamfonMaewThasanonUITests.xctest */;
			productType = "com.apple.product-type.bundle.ui-testing";
		};
/* End PBXNativeTarget section */

/* Begin PBXProject section */
		AC0C93261D1876D000AE59FD /* Project object */ = {
			isa = PBXProject;
			attributes = {
				LastSwiftUpdateCheck = 0730;
				LastUpgradeCheck = 0730;
				ORGANIZATIONNAME = maew;
				TargetAttributes = {
					AC0C932D1D1876D000AE59FD = {
						CreatedOnToolsVersion = 7.3.1;
					};
					AC0C93411D1876D000AE59FD = {
						CreatedOnToolsVersion = 7.3.1;
						TestTargetID = AC0C932D1D1876D000AE59FD;
					};
					AC0C934C1D1876D000AE59FD = {
						CreatedOnToolsVersion = 7.3.1;
						TestTargetID = AC0C932D1D1876D000AE59FD;
					};
				};
			};
			buildConfigurationList = AC0C93291D1876D000AE59FD /* Build configuration list for PBXProject "Assignment1_NamfonMaewThasanon" */;
			compatibilityVersion = "Xcode 3.2";
			developmentRegion = English;
			hasScannedForEncodings = 0;
			knownRegions = (
				en,
				Base,
			);
			mainGroup = AC0C93251D1876D000AE59FD;
			productRefGroup = AC0C932F1D1876D000AE59FD /* Products */;
			projectDirPath = "";
			projectRoot = "";
			targets = (
				AC0C932D1D1876D000AE59FD /* Assignment1_NamfonMaewThasanon */,
				AC0C93411D1876D000AE59FD /* Assignment1_NamfonMaewThasanonTests */,
				AC0C934C1D1876D000AE59FD /* Assignment1_NamfonMaewThasanonUITests */,
			);
		};
/* End PBXProject section */

/* Begin PBXResourcesBuildPhase section */
		AC0C932C1D1876D000AE59FD /* Resources */ = {
			isa = PBXResourcesBuildPhase;
			buildActionMask = 2147483647;
			files = (
				AC0C93391D1876D000AE59FD /* Assets.xcassets in Resources */,
				AC0C93371D1876D000AE59FD /* Main.storyboard in Resources */,
			);
			runOnlyForDeploymentPostprocessing = 0;
		};
		AC0C93401D1876D000AE59FD /* Resources */ = {
			isa = PBXResourcesBuildPhase;
			buildActionMask = 2147483647;
			files = (
			);
			runOnlyForDeploymentPostprocessing = 0;
		};
		AC0C934B1D1876D000AE59FD /* Resources */ = {
			isa = PBXResourcesBuildPhase;
			buildActionMask = 2147483647;
			files = (
			);
			runOnlyForDeploymentPostprocessing = 0;
		};
/* End PBXResourcesBuildPhase section */

/* Begin PBXSourcesBuildPhase section */
		AC0C932A1D1876D000AE59FD /* Sources */ = {
			isa = PBXSourcesBuildPhase;
			buildActionMask = 2147483647;
			files = (
				AC0C93341D1876D000AE59FD /* ViewController.swift in Sources */,
				AC0C93321D1876D000AE59FD /* AppDelegate.swift in Sources */,
			);
			runOnlyForDeploymentPostprocessing = 0;
		};
		AC0C933E1D1876D000AE59FD /* Sources */ = {
			isa = PBXSourcesBuildPhase;
			buildActionMask = 2147483647;
			files = (
				AC0C93471D1876D000AE59FD /* Assignment1_NamfonMaewThasanonTests.swift in Sources */,
			);
			runOnlyForDeploymentPostprocessing = 0;
		};
		AC0C93491D1876D000AE59FD /* Sources */ = {
			isa = PBXSourcesBuildPhase;
			buildActionMask = 2147483647;
			files = (
				AC0C93521D1876D000AE59FD /* Assignment1_NamfonMaewThasanonUITests.swift in Sources */,
			);
			runOnlyForDeploymentPostprocessing = 0;
		};
/* End PBXSourcesBuildPhase section */

/* Begin PBXTargetDependency section */
		AC0C93441D1876D000AE59FD /* PBXTargetDependency */ = {
			isa = PBXTargetDependency;
			target = AC0C932D1D1876D000AE59FD /* Assignment1_NamfonMaewThasanon */;
			targetProxy = AC0C93431D1876D000AE59FD /* PBXContainerItemProxy */;
		};
		AC0C934F1D1876D000AE59FD /* PBXTargetDependency */ = {
			isa = PBXTargetDependency;
			target = AC0C932D1D1876D000AE59FD /* Assignment1_NamfonMaewThasanon */;
			targetProxy = AC0C934E1D1876D000AE59FD /* PBXContainerItemProxy */;
		};
/* End PBXTargetDependency section */

/* Begin PBXVariantGroup section */
		AC0C93351D1876D000AE59FD /* Main.storyboard */ = {
			isa = PBXVariantGroup;
			children = (
				AC0C93361D1876D000AE59FD /* Base */,
			);
			name = Main.storyboard;
			sourceTree = "<group>";
		};
/* End PBXVariantGroup section */

/* Begin XCBuildConfiguration section */
		AC0C93541D1876D000AE59FD /* Debug */ = {
			isa = XCBuildConfiguration;
			buildSettings = {
				ALWAYS_SEARCH_USER_PATHS = NO;
				CLANG_ANALYZER_NONNULL = YES;
				CLANG_CXX_LANGUAGE_STANDARD = "gnu++0x";
				CLANG_CXX_LIBRARY = "libc++";
				CLANG_ENABLE_MODULES = YES;
				CLANG_ENABLE_OBJC_ARC = YES;
				CLANG_WARN_BOOL_CONVERSION = YES;
				CLANG_WARN_CONSTANT_CONVERSION = YES;
				CLANG_WARN_DIRECT_OBJC_ISA_USAGE = YES_ERROR;
				CLANG_WARN_EMPTY_BODY = YES;
				CLANG_WARN_ENUM_CONVERSION = YES;
				CLANG_WARN_INT_CONVERSION = YES;
				CLANG_WARN_OBJC_ROOT_CLASS = YES_ERROR;
				CLANG_WARN_UNREACHABLE_CODE = YES;
				CLANG_WARN__DUPLICATE_METHOD_MATCH = YES;
				"CODE_SIGN_IDENTITY[sdk=iphoneos*]" = "iPhone Developer";
				COPY_PHASE_STRIP = NO;
				DEBUG_INFORMATION_FORMAT = dwarf;
				ENABLE_STRICT_OBJC_MSGSEND = YES;
				ENABLE_TESTABILITY = YES;
				GCC_C_LANGUAGE_STANDARD = gnu99;
				GCC_DYNAMIC_NO_PIC = NO;
				GCC_NO_COMMON_BLOCKS = YES;
				GCC_OPTIMIZATION_LEVEL = 0;
				GCC_PREPROCESSOR_DEFINITIONS = (
					"DEBUG=1",
					"$(inherited)",
				);
				GCC_WARN_64_TO_32_BIT_CONVERSION = YES;
				GCC_WARN_ABOUT_RETURN_TYPE = YES_ERROR;
				GCC_WARN_UNDECLARED_SELECTOR = YES;
				GCC_WARN_UNINITIALIZED_AUTOS = YES_AGGRESSIVE;
				GCC_WARN_UNUSED_FUNCTION = YES;
				GCC_WARN_UNUSED_VARIABLE = YES;
				IPHONEOS_DEPLOYMENT_TARGET = 9.3;
				MTL_ENABLE_DEBUG_INFO = YES;
				ONLY_ACTIVE_ARCH = YES;
				SDKROOT = iphoneos;
				SWIFT_OPTIMIZATION_LEVEL = "-Onone";
			};
			name = Debug;
		};
		AC0C93551D1876D000AE59FD /* Release */ = {
			isa = XCBuildConfiguration;
			buildSettings = {
				ALWAYS_SEARCH_USER_PATHS = NO;
				CLANG_ANALYZER_NONNULL = YES;
				CLANG_CXX_LANGUAGE_STANDARD = "gnu++0x";
				CLANG_CXX_LIBRARY = "libc++";
				CLANG_ENABLE_MODULES = YES;
				CLANG_ENABLE_OBJC_ARC = YES;
				CLANG_WARN_BOOL_CONVERSION = YES;
				CLANG_WARN_CONSTANT_CONVERSION = YES;
				CLANG_WARN_DIRECT_OBJC_ISA_USAGE = YES_ERROR;
				CLANG_WARN_EMPTY_BODY = YES;
				CLANG_WARN_ENUM_CONVERSION = YES;
				CLANG_WARN_INT_CONVERSION = YES;
				CLANG_WARN_OBJC_ROOT_CLASS = YES_ERROR;
				CLANG_WARN_UNREACHABLE_CODE = YES;
				CLANG_WARN__DUPLICATE_METHOD_MATCH = YES;
				"CODE_SIGN_IDENTITY[sdk=iphoneos*]" = "iPhone Developer";
				COPY_PHASE_STRIP = NO;
				DEBUG_INFORMATION_FORMAT = "dwarf-with-dsym";
				ENABLE_NS_ASSERTIONS = NO;
				ENABLE_STRICT_OBJC_MSGSEND = YES;
				GCC_C_LANGUAGE_STANDARD = gnu99;
				GCC_NO_COMMON_BLOCKS = YES;
				GCC_WARN_64_TO_32_BIT_CONVERSION = YES;
				GCC_WARN_ABOUT_RETURN_TYPE = YES_ERROR;
				GCC_WARN_UNDECLARED_SELECTOR = YES;
				GCC_WARN_UNINITIALIZED_AUTOS = YES_AGGRESSIVE;
				GCC_WARN_UNUSED_FUNCTION = YES;
				GCC_WARN_UNUSED_VARIABLE = YES;
				IPHONEOS_DEPLOYMENT_TARGET = 9.3;
				MTL_ENABLE_DEBUG_INFO = NO;
				SDKROOT = iphoneos;
				VALIDATE_PRODUCT = YES;
			};
			name = Release;
		};
		AC0C93571D1876D000AE59FD /* Debug */ = {
			isa = XCBuildConfiguration;
			buildSettings = {
				ASSETCATALOG_COMPILER_APPICON_NAME = AppIcon;
				INFOPLIST_FILE = Assignment1_NamfonMaewThasanon/Info.plist;
				LD_RUNPATH_SEARCH_PATHS = "$(inherited) @executable_path/Frameworks";
				PRODUCT_BUNDLE_IDENTIFIER = "com.maew.Assignment1-NamfonMaewThasanon";
				PRODUCT_NAME = "$(TARGET_NAME)";
			};
			name = Debug;
		};
		AC0C93581D1876D000AE59FD /* Release */ = {
			isa = XCBuildConfiguration;
			buildSettings = {
				ASSETCATALOG_COMPILER_APPICON_NAME = AppIcon;
				INFOPLIST_FILE = Assignment1_NamfonMaewThasanon/Info.plist;
				LD_RUNPATH_SEARCH_PATHS = "$(inherited) @executable_path/Frameworks";
				PRODUCT_BUNDLE_IDENTIFIER = "com.maew.Assignment1-NamfonMaewThasanon";
				PRODUCT_NAME = "$(TARGET_NAME)";
			};
			name = Release;
		};
		AC0C935A1D1876D000AE59FD /* Debug */ = {
			isa = XCBuildConfiguration;
			buildSettings = {
				BUNDLE_LOADER = "$(TEST_HOST)";
				INFOPLIST_FILE = Assignment1_NamfonMaewThasanonTests/Info.plist;
				LD_RUNPATH_SEARCH_PATHS = "$(inherited) @executable_path/Frameworks @loader_path/Frameworks";
				PRODUCT_BUNDLE_IDENTIFIER = "com.maew.Assignment1-NamfonMaewThasanonTests";
				PRODUCT_NAME = "$(TARGET_NAME)";
				TEST_HOST = "$(BUILT_PRODUCTS_DIR)/Assignment1_NamfonMaewThasanon.app/Assignment1_NamfonMaewThasanon";
			};
			name = Debug;
		};
		AC0C935B1D1876D000AE59FD /* Release */ = {
			isa = XCBuildConfiguration;
			buildSettings = {
				BUNDLE_LOADER = "$(TEST_HOST)";
				INFOPLIST_FILE = Assignment1_NamfonMaewThasanonTests/Info.plist;
				LD_RUNPATH_SEARCH_PATHS = "$(inherited) @executable_path/Frameworks @loader_path/Frameworks";
				PRODUCT_BUNDLE_IDENTIFIER = "com.maew.Assignment1-NamfonMaewThasanonTests";
				PRODUCT_NAME = "$(TARGET_NAME)";
				TEST_HOST = "$(BUILT_PRODUCTS_DIR)/Assignment1_NamfonMaewThasanon.app/Assignment1_NamfonMaewThasanon";
			};
			name = Release;
		};
		AC0C935D1D1876D000AE59FD /* Debug */ = {
			isa = XCBuildConfiguration;
			buildSettings = {
				INFOPLIST_FILE = Assignment1_NamfonMaewThasanonUITests/Info.plist;
				LD_RUNPATH_SEARCH_PATHS = "$(inherited) @executable_path/Frameworks @loader_path/Frameworks";
				PRODUCT_BUNDLE_IDENTIFIER = "com.maew.Assignment1-NamfonMaewThasanonUITests";
				PRODUCT_NAME = "$(TARGET_NAME)";
				TEST_TARGET_NAME = Assignment1_NamfonMaewThasanon;
			};
			name = Debug;
		};
		AC0C935E1D1876D000AE59FD /* Release */ = {
			isa = XCBuildConfiguration;
			buildSettings = {
				INFOPLIST_FILE = Assignment1_NamfonMaewThasanonUITests/Info.plist;
				LD_RUNPATH_SEARCH_PATHS = "$(inherited) @executable_path/Frameworks @loader_path/Frameworks";
				PRODUCT_BUNDLE_IDENTIFIER = "com.maew.Assignment1-NamfonMaewThasanonUITests";
				PRODUCT_NAME = "$(TARGET_NAME)";
				TEST_TARGET_NAME = Assignment1_NamfonMaewThasanon;
			};
			name = Release;
		};
/* End XCBuildConfiguration section */

/* Begin XCConfigurationList section */
		AC0C93291D1876D000AE59FD /* Build configuration list for PBXProject "Assignment1_NamfonMaewThasanon" */ = {
			isa = XCConfigurationList;
			buildConfigurations = (
				AC0C93541D1876D000AE59FD /* Debug */,
				AC0C93551D1876D000AE59FD /* Release */,
			);
			defaultConfigurationIsVisible = 0;
			defaultConfigurationName = Release;
		};
		AC0C93561D1876D000AE59FD /* Build configuration list for PBXNativeTarget "Assignment1_NamfonMaewThasanon" */ = {
			isa = XCConfigurationList;
			buildConfigurations = (
				AC0C93571D1876D000AE59FD /* Debug */,
				AC0C93581D1876D000AE59FD /* Release */,
			);
			defaultConfigurationIsVisible = 0;
		};
		AC0C93591D1876D000AE59FD /* Build configuration list for PBXNativeTarget "Assignment1_NamfonMaewThasanonTests" */ = {
			isa = XCConfigurationList;
			buildConfigurations = (
				AC0C935A1D1876D000AE59FD /* Debug */,
				AC0C935B1D1876D000AE59FD /* Release */,
			);
			defaultConfigurationIsVisible = 0;
		};
		AC0C935C1D1876D000AE59FD /* Build configuration list for PBXNativeTarget "Assignment1_NamfonMaewThasanonUITests" */ = {
			isa = XCConfigurationList;
			buildConfigurations = (
				AC0C935D1D1876D000AE59FD /* Debug */,
				AC0C935E1D1876D000AE59FD /* Release */,
			);
			defaultConfigurationIsVisible = 0;
		};
/* End XCConfigurationList section */
	};
	rootObject = AC0C93261D1876D000AE59FD /* Project object */;
}
